// !$*UTF8*$!
{
	archiveVersion = 1;
	classes = {
	};
	objectVersion = 46;
	objects = {

/* Begin PBXBuildFile section */
		220C95551DDFF4AB00805B0D /* AppDelegate.swift in Sources */ = {isa = PBXBuildFile; fileRef = 220C95541DDFF4AB00805B0D /* AppDelegate.swift */; };
		220C955A1DDFF4AB00805B0D /* Main.storyboard in Resources */ = {isa = PBXBuildFile; fileRef = 220C95581DDFF4AB00805B0D /* Main.storyboard */; };
		220C955C1DDFF4AB00805B0D /* Assets.xcassets in Resources */ = {isa = PBXBuildFile; fileRef = 220C955B1DDFF4AB00805B0D /* Assets.xcassets */; };
		220C955F1DDFF4AB00805B0D /* LaunchScreen.storyboard in Resources */ = {isa = PBXBuildFile; fileRef = 220C955D1DDFF4AB00805B0D /* LaunchScreen.storyboard */; };
		2232BB381DEA83C0001928D8 /* StringExtensions.swift in Sources */ = {isa = PBXBuildFile; fileRef = 2232BB371DEA83C0001928D8 /* StringExtensions.swift */; };
		2232BB3B1DEAF6C6001928D8 /* MobileSafariError.html in Resources */ = {isa = PBXBuildFile; fileRef = 2232BB3A1DEAF6C6001928D8 /* MobileSafariError.html */; };
		2281E1101DED1477001854E5 /* Settings.bundle in Resources */ = {isa = PBXBuildFile; fileRef = 2281E10F1DED1477001854E5 /* Settings.bundle */; };
		22F85D451DE4834C001B04B2 /* MainTableViewController.swift in Sources */ = {isa = PBXBuildFile; fileRef = 22F85D441DE4834C001B04B2 /* MainTableViewController.swift */; };
		22F85D471DE4850B001B04B2 /* PostViewController.swift in Sources */ = {isa = PBXBuildFile; fileRef = 22F85D461DE4850B001B04B2 /* PostViewController.swift */; };
		22F85D4B1DE5413A001B04B2 /* PostTableViewCell.swift in Sources */ = {isa = PBXBuildFile; fileRef = 22F85D4A1DE5413A001B04B2 /* PostTableViewCell.swift */; };
		22F85D4E1DE5C248001B04B2 /* Feeder.swift in Sources */ = {isa = PBXBuildFile; fileRef = 22F85D4D1DE5C248001B04B2 /* Feeder.swift */; };
		22F85D501DE5C3AF001B04B2 /* FeedItem.swift in Sources */ = {isa = PBXBuildFile; fileRef = 22F85D4F1DE5C3AF001B04B2 /* FeedItem.swift */; };
		22F85D531DE67E00001B04B2 /* .swiftlint.yml in Resources */ = {isa = PBXBuildFile; fileRef = 22F85D521DE67E00001B04B2 /* .swiftlint.yml */; };
		507BCC44D7C0432A848C2443 /* Pods_SST_Announcer.framework in Frameworks */ = {isa = PBXBuildFile; fileRef = B9D610D166B71AE5A85913D1 /* Pods_SST_Announcer.framework */; };
/* End PBXBuildFile section */

/* Begin PBXFileReference section */
		220C95511DDFF4AB00805B0D /* SST Announcer.app */ = {isa = PBXFileReference; explicitFileType = wrapper.application; includeInIndex = 0; path = "SST Announcer.app"; sourceTree = BUILT_PRODUCTS_DIR; };
		220C95541DDFF4AB00805B0D /* AppDelegate.swift */ = {isa = PBXFileReference; lastKnownFileType = sourcecode.swift; path = AppDelegate.swift; sourceTree = "<group>"; };
		220C95591DDFF4AB00805B0D /* Base */ = {isa = PBXFileReference; lastKnownFileType = file.storyboard; name = Base; path = Base.lproj/Main.storyboard; sourceTree = "<group>"; };
		220C955B1DDFF4AB00805B0D /* Assets.xcassets */ = {isa = PBXFileReference; lastKnownFileType = folder.assetcatalog; path = Assets.xcassets; sourceTree = "<group>"; };
		220C955E1DDFF4AB00805B0D /* Base */ = {isa = PBXFileReference; lastKnownFileType = file.storyboard; name = Base; path = Base.lproj/LaunchScreen.storyboard; sourceTree = "<group>"; };
		220C95601DDFF4AB00805B0D /* Info.plist */ = {isa = PBXFileReference; lastKnownFileType = text.plist.xml; path = Info.plist; sourceTree = "<group>"; };
		2232BB361DE87241001928D8 /* README.md */ = {isa = PBXFileReference; lastKnownFileType = net.daringfireball.markdown; path = README.md; sourceTree = "<group>"; };
		2232BB371DEA83C0001928D8 /* StringExtensions.swift */ = {isa = PBXFileReference; fileEncoding = 4; lastKnownFileType = sourcecode.swift; path = StringExtensions.swift; sourceTree = "<group>"; };
		2232BB3A1DEAF6C6001928D8 /* MobileSafariError.html */ = {isa = PBXFileReference; fileEncoding = 4; lastKnownFileType = text.html; path = MobileSafariError.html; sourceTree = "<group>"; };
		2281E10F1DED1477001854E5 /* Settings.bundle */ = {isa = PBXFileReference; lastKnownFileType = "wrapper.plug-in"; path = Settings.bundle; sourceTree = "<group>"; };
		22F85D441DE4834C001B04B2 /* MainTableViewController.swift */ = {isa = PBXFileReference; fileEncoding = 4; lastKnownFileType = sourcecode.swift; path = MainTableViewController.swift; sourceTree = "<group>"; };
		22F85D461DE4850B001B04B2 /* PostViewController.swift */ = {isa = PBXFileReference; fileEncoding = 4; lastKnownFileType = sourcecode.swift; path = PostViewController.swift; sourceTree = "<group>"; };
		22F85D481DE519DF001B04B2 /* SST Announcer.entitlements */ = {isa = PBXFileReference; lastKnownFileType = text.plist.entitlements; path = "SST Announcer.entitlements"; sourceTree = "<group>"; };
		22F85D4A1DE5413A001B04B2 /* PostTableViewCell.swift */ = {isa = PBXFileReference; fileEncoding = 4; lastKnownFileType = sourcecode.swift; path = PostTableViewCell.swift; sourceTree = "<group>"; };
		22F85D4D1DE5C248001B04B2 /* Feeder.swift */ = {isa = PBXFileReference; fileEncoding = 4; lastKnownFileType = sourcecode.swift; path = Feeder.swift; sourceTree = "<group>"; };
		22F85D4F1DE5C3AF001B04B2 /* FeedItem.swift */ = {isa = PBXFileReference; fileEncoding = 4; lastKnownFileType = sourcecode.swift; path = FeedItem.swift; sourceTree = "<group>"; };
		22F85D521DE67E00001B04B2 /* .swiftlint.yml */ = {isa = PBXFileReference; fileEncoding = 4; lastKnownFileType = text; path = .swiftlint.yml; sourceTree = "<group>"; };
		B9D610D166B71AE5A85913D1 /* Pods_SST_Announcer.framework */ = {isa = PBXFileReference; explicitFileType = wrapper.framework; includeInIndex = 0; path = Pods_SST_Announcer.framework; sourceTree = BUILT_PRODUCTS_DIR; };
		BD3C20A7A9DD825B28326710 /* Pods-SST Announcer.debug.xcconfig */ = {isa = PBXFileReference; includeInIndex = 1; lastKnownFileType = text.xcconfig; name = "Pods-SST Announcer.debug.xcconfig"; path = "Pods/Target Support Files/Pods-SST Announcer/Pods-SST Announcer.debug.xcconfig"; sourceTree = "<group>"; };
		E960538C2A6EA12EFBF04A57 /* Pods-SST Announcer.release.xcconfig */ = {isa = PBXFileReference; includeInIndex = 1; lastKnownFileType = text.xcconfig; name = "Pods-SST Announcer.release.xcconfig"; path = "Pods/Target Support Files/Pods-SST Announcer/Pods-SST Announcer.release.xcconfig"; sourceTree = "<group>"; };
/* End PBXFileReference section */

/* Begin PBXFrameworksBuildPhase section */
		220C954E1DDFF4AB00805B0D /* Frameworks */ = {
			isa = PBXFrameworksBuildPhase;
			buildActionMask = 2147483647;
			files = (
				507BCC44D7C0432A848C2443 /* Pods_SST_Announcer.framework in Frameworks */,
			);
			runOnlyForDeploymentPostprocessing = 0;
		};
/* End PBXFrameworksBuildPhase section */

/* Begin PBXGroup section */
		1D60D0F4250119858BA60CD2 /* Pods */ = {
			isa = PBXGroup;
			children = (
				BD3C20A7A9DD825B28326710 /* Pods-SST Announcer.debug.xcconfig */,
				E960538C2A6EA12EFBF04A57 /* Pods-SST Announcer.release.xcconfig */,
			);
			name = Pods;
			sourceTree = "<group>";
		};
		220C95481DDFF4AB00805B0D = {
			isa = PBXGroup;
			children = (
				22F85D521DE67E00001B04B2 /* .swiftlint.yml */,
				2232BB361DE87241001928D8 /* README.md */,
				220C95531DDFF4AB00805B0D /* SST Announcer */,
				220C95521DDFF4AB00805B0D /* Products */,
				1D60D0F4250119858BA60CD2 /* Pods */,
				D60347DEF079D5740334AB92 /* Frameworks */,
			);
			sourceTree = "<group>";
		};
		220C95521DDFF4AB00805B0D /* Products */ = {
			isa = PBXGroup;
			children = (
				220C95511DDFF4AB00805B0D /* SST Announcer.app */,
			);
			name = Products;
			sourceTree = "<group>";
		};
		220C95531DDFF4AB00805B0D /* SST Announcer */ = {
			isa = PBXGroup;
			children = (
				22F85D481DE519DF001B04B2 /* SST Announcer.entitlements */,
				220C95541DDFF4AB00805B0D /* AppDelegate.swift */,
				22F85D4C1DE5C1B4001B04B2 /* Custom Classes */,
				22F85D491DE5412D001B04B2 /* Views */,
				22F85D431DE4833F001B04B2 /* View Controllers */,
				2232BB391DEAF681001928D8 /* Assets */,
				220C95581DDFF4AB00805B0D /* Main.storyboard */,
				220C955B1DDFF4AB00805B0D /* Assets.xcassets */,
				220C955D1DDFF4AB00805B0D /* LaunchScreen.storyboard */,
				2281E10F1DED1477001854E5 /* Settings.bundle */,
				220C95601DDFF4AB00805B0D /* Info.plist */,
			);
			path = "SST Announcer";
			sourceTree = "<group>";
		};
		2232BB391DEAF681001928D8 /* Assets */ = {
			isa = PBXGroup;
			children = (
				2232BB3A1DEAF6C6001928D8 /* MobileSafariError.html */,
			);
			path = Assets;
			sourceTree = "<group>";
		};
		22F85D431DE4833F001B04B2 /* View Controllers */ = {
			isa = PBXGroup;
			children = (
				22F85D441DE4834C001B04B2 /* MainTableViewController.swift */,
				22F85D461DE4850B001B04B2 /* PostViewController.swift */,
			);
			path = "View Controllers";
			sourceTree = "<group>";
		};
		22F85D491DE5412D001B04B2 /* Views */ = {
			isa = PBXGroup;
			children = (
				22F85D4A1DE5413A001B04B2 /* PostTableViewCell.swift */,
			);
			path = Views;
			sourceTree = "<group>";
		};
		22F85D4C1DE5C1B4001B04B2 /* Custom Classes */ = {
			isa = PBXGroup;
			children = (
				22F85D4D1DE5C248001B04B2 /* Feeder.swift */,
				22F85D4F1DE5C3AF001B04B2 /* FeedItem.swift */,
				2232BB371DEA83C0001928D8 /* StringExtensions.swift */,
			);
			path = "Custom Classes";
			sourceTree = "<group>";
		};
		D60347DEF079D5740334AB92 /* Frameworks */ = {
			isa = PBXGroup;
			children = (
				B9D610D166B71AE5A85913D1 /* Pods_SST_Announcer.framework */,
			);
			name = Frameworks;
			sourceTree = "<group>";
		};
/* End PBXGroup section */

/* Begin PBXNativeTarget section */
		220C95501DDFF4AB00805B0D /* SST Announcer */ = {
			isa = PBXNativeTarget;
			buildConfigurationList = 220C95631DDFF4AB00805B0D /* Build configuration list for PBXNativeTarget "SST Announcer" */;
			buildPhases = (
				1A47AFAC0BA6DFE913069674 /* [CP] Check Pods Manifest.lock */,
				220C954D1DDFF4AB00805B0D /* Sources */,
				220C954E1DDFF4AB00805B0D /* Frameworks */,
				220C954F1DDFF4AB00805B0D /* Resources */,
				2D5B8F0EFAB6BA58393895F9 /* [CP] Embed Pods Frameworks */,
				9A558FB79D4442D7D9F8DE4F /* [CP] Copy Pods Resources */,
				22F85D511DE67DE1001B04B2 /* Run Linter */,
			);
			buildRules = (
			);
			dependencies = (
			);
			name = "SST Announcer";
			productName = "SST Announcer";
			productReference = 220C95511DDFF4AB00805B0D /* SST Announcer.app */;
			productType = "com.apple.product-type.application";
		};
/* End PBXNativeTarget section */

/* Begin PBXProject section */
		220C95491DDFF4AB00805B0D /* Project object */ = {
			isa = PBXProject;
			attributes = {
				LastSwiftUpdateCheck = 0810;
				LastUpgradeCheck = 0810;
				ORGANIZATIONNAME = "Pan Ziyue";
				TargetAttributes = {
					220C95501DDFF4AB00805B0D = {
						CreatedOnToolsVersion = 8.1;
						DevelopmentTeam = 7K6ZTDFM48;
						ProvisioningStyle = Automatic;
						SystemCapabilities = {
							com.apple.BackgroundModes = {
								enabled = 1;
							};
							com.apple.Push = {
								enabled = 1;
							};
						};
					};
				};
			};
			buildConfigurationList = 220C954C1DDFF4AB00805B0D /* Build configuration list for PBXProject "SST Announcer" */;
			compatibilityVersion = "Xcode 3.2";
			developmentRegion = English;
			hasScannedForEncodings = 0;
			knownRegions = (
				en,
				Base,
			);
			mainGroup = 220C95481DDFF4AB00805B0D;
			productRefGroup = 220C95521DDFF4AB00805B0D /* Products */;
			projectDirPath = "";
			projectRoot = "";
			targets = (
				220C95501DDFF4AB00805B0D /* SST Announcer */,
			);
		};
/* End PBXProject section */

/* Begin PBXResourcesBuildPhase section */
		220C954F1DDFF4AB00805B0D /* Resources */ = {
			isa = PBXResourcesBuildPhase;
			buildActionMask = 2147483647;
			files = (
				22F85D531DE67E00001B04B2 /* .swiftlint.yml in Resources */,
				220C955F1DDFF4AB00805B0D /* LaunchScreen.storyboard in Resources */,
				2232BB3B1DEAF6C6001928D8 /* MobileSafariError.html in Resources */,
				220C955C1DDFF4AB00805B0D /* Assets.xcassets in Resources */,
				2281E1101DED1477001854E5 /* Settings.bundle in Resources */,
				220C955A1DDFF4AB00805B0D /* Main.storyboard in Resources */,
			);
			runOnlyForDeploymentPostprocessing = 0;
		};
/* End PBXResourcesBuildPhase section */

/* Begin PBXShellScriptBuildPhase section */
		1A47AFAC0BA6DFE913069674 /* [CP] Check Pods Manifest.lock */ = {
			isa = PBXShellScriptBuildPhase;
			buildActionMask = 2147483647;
			files = (
			);
			inputPaths = (
			);
			name = "[CP] Check Pods Manifest.lock";
			outputPaths = (
			);
			runOnlyForDeploymentPostprocessing = 0;
			shellPath = /bin/sh;
			shellScript = "diff \"${PODS_ROOT}/../Podfile.lock\" \"${PODS_ROOT}/Manifest.lock\" > /dev/null\nif [ $? != 0 ] ; then\n    # print error to STDERR\n    echo \"error: The sandbox is not in sync with the Podfile.lock. Run 'pod install' or update your CocoaPods installation.\" >&2\n    exit 1\nfi\n";
			showEnvVarsInLog = 0;
		};
		22F85D511DE67DE1001B04B2 /* Run Linter */ = {
			isa = PBXShellScriptBuildPhase;
			buildActionMask = 2147483647;
			files = (
			);
			inputPaths = (
			);
			name = "Run Linter";
			outputPaths = (
			);
			runOnlyForDeploymentPostprocessing = 0;
			shellPath = /bin/sh;
			shellScript = "#if hash swiftlint 2>/dev/null; then\n#    swiftlint\n#fi";
		};
		2D5B8F0EFAB6BA58393895F9 /* [CP] Embed Pods Frameworks */ = {
			isa = PBXShellScriptBuildPhase;
			buildActionMask = 2147483647;
			files = (
			);
			inputPaths = (
			);
			name = "[CP] Embed Pods Frameworks";
			outputPaths = (
			);
			runOnlyForDeploymentPostprocessing = 0;
			shellPath = /bin/sh;
			shellScript = "\"${SRCROOT}/Pods/Target Support Files/Pods-SST Announcer/Pods-SST Announcer-frameworks.sh\"\n";
			showEnvVarsInLog = 0;
		};
		9A558FB79D4442D7D9F8DE4F /* [CP] Copy Pods Resources */ = {
			isa = PBXShellScriptBuildPhase;
			buildActionMask = 2147483647;
			files = (
			);
			inputPaths = (
			);
			name = "[CP] Copy Pods Resources";
			outputPaths = (
			);
			runOnlyForDeploymentPostprocessing = 0;
			shellPath = /bin/sh;
			shellScript = "\"${SRCROOT}/Pods/Target Support Files/Pods-SST Announcer/Pods-SST Announcer-resources.sh\"\n";
			showEnvVarsInLog = 0;
		};
/* End PBXShellScriptBuildPhase section */

/* Begin PBXSourcesBuildPhase section */
		220C954D1DDFF4AB00805B0D /* Sources */ = {
			isa = PBXSourcesBuildPhase;
			buildActionMask = 2147483647;
			files = (
				22F85D471DE4850B001B04B2 /* PostViewController.swift in Sources */,
				22F85D451DE4834C001B04B2 /* MainTableViewController.swift in Sources */,
				22F85D501DE5C3AF001B04B2 /* FeedItem.swift in Sources */,
				2232BB381DEA83C0001928D8 /* StringExtensions.swift in Sources */,
				220C95551DDFF4AB00805B0D /* AppDelegate.swift in Sources */,
				22F85D4E1DE5C248001B04B2 /* Feeder.swift in Sources */,
				22F85D4B1DE5413A001B04B2 /* PostTableViewCell.swift in Sources */,
			);
			runOnlyForDeploymentPostprocessing = 0;
		};
/* End PBXSourcesBuildPhase section */

/* Begin PBXVariantGroup section */
		220C95581DDFF4AB00805B0D /* Main.storyboard */ = {
			isa = PBXVariantGroup;
			children = (
				220C95591DDFF4AB00805B0D /* Base */,
			);
			name = Main.storyboard;
			sourceTree = "<group>";
		};
		220C955D1DDFF4AB00805B0D /* LaunchScreen.storyboard */ = {
			isa = PBXVariantGroup;
			children = (
				220C955E1DDFF4AB00805B0D /* Base */,
			);
			name = LaunchScreen.storyboard;
			sourceTree = "<group>";
		};
/* End PBXVariantGroup section */

/* Begin XCBuildConfiguration section */
		220C95611DDFF4AB00805B0D /* Debug */ = {
			isa = XCBuildConfiguration;
			buildSettings = {
				ALWAYS_SEARCH_USER_PATHS = NO;
				CLANG_ANALYZER_NONNULL = YES;
				CLANG_CXX_LANGUAGE_STANDARD = "gnu++0x";
				CLANG_CXX_LIBRARY = "libc++";
				CLANG_ENABLE_MODULES = YES;
				CLANG_ENABLE_OBJC_ARC = YES;
				CLANG_WARN_BOOL_CONVERSION = YES;
				CLANG_WARN_CONSTANT_CONVERSION = YES;
				CLANG_WARN_DIRECT_OBJC_ISA_USAGE = YES_ERROR;
				CLANG_WARN_DOCUMENTATION_COMMENTS = YES;
				CLANG_WARN_EMPTY_BODY = YES;
				CLANG_WARN_ENUM_CONVERSION = YES;
				CLANG_WARN_INFINITE_RECURSION = YES;
				CLANG_WARN_INT_CONVERSION = YES;
				CLANG_WARN_OBJC_ROOT_CLASS = YES_ERROR;
				CLANG_WARN_SUSPICIOUS_MOVES = YES;
				CLANG_WARN_UNREACHABLE_CODE = YES;
				CLANG_WARN__DUPLICATE_METHOD_MATCH = YES;
				"CODE_SIGN_IDENTITY[sdk=iphoneos*]" = "iPhone Developer";
				COPY_PHASE_STRIP = NO;
				DEBUG_INFORMATION_FORMAT = dwarf;
				ENABLE_STRICT_OBJC_MSGSEND = YES;
				ENABLE_TESTABILITY = YES;
				GCC_C_LANGUAGE_STANDARD = gnu99;
				GCC_DYNAMIC_NO_PIC = NO;
				GCC_NO_COMMON_BLOCKS = YES;
				GCC_OPTIMIZATION_LEVEL = 0;
				GCC_PREPROCESSOR_DEFINITIONS = (
					"DEBUG=1",
					"$(inherited)",
				);
				GCC_WARN_64_TO_32_BIT_CONVERSION = YES;
				GCC_WARN_ABOUT_RETURN_TYPE = YES_ERROR;
				GCC_WARN_UNDECLARED_SELECTOR = YES;
				GCC_WARN_UNINITIALIZED_AUTOS = YES_AGGRESSIVE;
				GCC_WARN_UNUSED_FUNCTION = YES;
				GCC_WARN_UNUSED_VARIABLE = YES;
				IPHONEOS_DEPLOYMENT_TARGET = 10.1;
				MTL_ENABLE_DEBUG_INFO = YES;
				ONLY_ACTIVE_ARCH = YES;
				SDKROOT = iphoneos;
				SWIFT_ACTIVE_COMPILATION_CONDITIONS = DEBUG;
				SWIFT_OPTIMIZATION_LEVEL = "-Onone";
				TARGETED_DEVICE_FAMILY = "1,2";
			};
			name = Debug;
		};
		220C95621DDFF4AB00805B0D /* Release */ = {
			isa = XCBuildConfiguration;
			buildSettings = {
				ALWAYS_SEARCH_USER_PATHS = NO;
				CLANG_ANALYZER_NONNULL = YES;
				CLANG_CXX_LANGUAGE_STANDARD = "gnu++0x";
				CLANG_CXX_LIBRARY = "libc++";
				CLANG_ENABLE_MODULES = YES;
				CLANG_ENABLE_OBJC_ARC = YES;
				CLANG_WARN_BOOL_CONVERSION = YES;
				CLANG_WARN_CONSTANT_CONVERSION = YES;
				CLANG_WARN_DIRECT_OBJC_ISA_USAGE = YES_ERROR;
				CLANG_WARN_DOCUMENTATION_COMMENTS = YES;
				CLANG_WARN_EMPTY_BODY = YES;
				CLANG_WARN_ENUM_CONVERSION = YES;
				CLANG_WARN_INFINITE_RECURSION = YES;
				CLANG_WARN_INT_CONVERSION = YES;
				CLANG_WARN_OBJC_ROOT_CLASS = YES_ERROR;
				CLANG_WARN_SUSPICIOUS_MOVES = YES;
				CLANG_WARN_UNREACHABLE_CODE = YES;
				CLANG_WARN__DUPLICATE_METHOD_MATCH = YES;
				"CODE_SIGN_IDENTITY[sdk=iphoneos*]" = "iPhone Developer";
				COPY_PHASE_STRIP = NO;
				DEBUG_INFORMATION_FORMAT = "dwarf-with-dsym";
				ENABLE_NS_ASSERTIONS = NO;
				ENABLE_STRICT_OBJC_MSGSEND = YES;
				GCC_C_LANGUAGE_STANDARD = gnu99;
				GCC_NO_COMMON_BLOCKS = YES;
				GCC_WARN_64_TO_32_BIT_CONVERSION = YES;
				GCC_WARN_ABOUT_RETURN_TYPE = YES_ERROR;
				GCC_WARN_UNDECLARED_SELECTOR = YES;
				GCC_WARN_UNINITIALIZED_AUTOS = YES_AGGRESSIVE;
				GCC_WARN_UNUSED_FUNCTION = YES;
				GCC_WARN_UNUSED_VARIABLE = YES;
				IPHONEOS_DEPLOYMENT_TARGET = 10.1;
				MTL_ENABLE_DEBUG_INFO = NO;
				SDKROOT = iphoneos;
				SWIFT_OPTIMIZATION_LEVEL = "-Owholemodule";
				TARGETED_DEVICE_FAMILY = "1,2";
				VALIDATE_PRODUCT = YES;
			};
			name = Release;
		};
		220C95641DDFF4AB00805B0D /* Debug */ = {
			isa = XCBuildConfiguration;
			baseConfigurationReference = BD3C20A7A9DD825B28326710 /* Pods-SST Announcer.debug.xcconfig */;
			buildSettings = {
				ASSETCATALOG_COMPILER_APPICON_NAME = AppIcon;
				CODE_SIGN_ENTITLEMENTS = "SST Announcer/SST Announcer.entitlements";
				DEVELOPMENT_TEAM = 7K6ZTDFM48;
				INFOPLIST_FILE = "SST Announcer/Info.plist";
				IPHONEOS_DEPLOYMENT_TARGET = 8.0;
				LD_RUNPATH_SEARCH_PATHS = "$(inherited) @executable_path/Frameworks";
				PRODUCT_BUNDLE_IDENTIFIER = sg.edu.sst.panziyue.Announcer;
				PRODUCT_NAME = "$(TARGET_NAME)";
				SWIFT_VERSION = 3.0;
			};
			name = Debug;
		};
		220C95651DDFF4AB00805B0D /* Release */ = {
			isa = XCBuildConfiguration;
			baseConfigurationReference = E960538C2A6EA12EFBF04A57 /* Pods-SST Announcer.release.xcconfig */;
			buildSettings = {
				ASSETCATALOG_COMPILER_APPICON_NAME = AppIcon;
				CODE_SIGN_ENTITLEMENTS = "SST Announcer/SST Announcer.entitlements";
				DEVELOPMENT_TEAM = 7K6ZTDFM48;
				INFOPLIST_FILE = "SST Announcer/Info.plist";
				IPHONEOS_DEPLOYMENT_TARGET = 8.0;
				LD_RUNPATH_SEARCH_PATHS = "$(inherited) @executable_path/Frameworks";
				PRODUCT_BUNDLE_IDENTIFIER = sg.edu.sst.panziyue.Announcer;
				PRODUCT_NAME = "$(TARGET_NAME)";
				SWIFT_VERSION = 3.0;
			};
			name = Release;
		};
/* End XCBuildConfiguration section */

/* Begin XCConfigurationList section */
		220C954C1DDFF4AB00805B0D /* Build configuration list for PBXProject "SST Announcer" */ = {
			isa = XCConfigurationList;
			buildConfigurations = (
				220C95611DDFF4AB00805B0D /* Debug */,
				220C95621DDFF4AB00805B0D /* Release */,
			);
			defaultConfigurationIsVisible = 0;
			defaultConfigurationName = Release;
		};
		220C95631DDFF4AB00805B0D /* Build configuration list for PBXNativeTarget "SST Announcer" */ = {
			isa = XCConfigurationList;
			buildConfigurations = (
				220C95641DDFF4AB00805B0D /* Debug */,
				220C95651DDFF4AB00805B0D /* Release */,
			);
			defaultConfigurationIsVisible = 0;
			defaultConfigurationName = Release;
		};
/* End XCConfigurationList section */
	};
	rootObject = 220C95491DDFF4AB00805B0D /* Project object */;
}
